// !$*UTF8*$!
{
	archiveVersion = 1;
	classes = {
	};
	objectVersion = 55;
	objects = {

/* Begin PBXBuildFile section */
		284107FC28AB07B400D142F8 /* CooperApp.swift in Sources */ = {isa = PBXBuildFile; fileRef = 284107FB28AB07B400D142F8 /* CooperApp.swift */; };
		284107FE28AB07B400D142F8 /* ContentView.swift in Sources */ = {isa = PBXBuildFile; fileRef = 284107FD28AB07B400D142F8 /* ContentView.swift */; };
		2841080028AB07B600D142F8 /* Assets.xcassets in Resources */ = {isa = PBXBuildFile; fileRef = 284107FF28AB07B600D142F8 /* Assets.xcassets */; };
		2841082628AB48E000D142F8 /* DrawnView.swift in Sources */ = {isa = PBXBuildFile; fileRef = 2841082528AB48E000D142F8 /* DrawnView.swift */; };
		285D3E6D28B5294B008072C0 /* AnswerFinalView.swift in Sources */ = {isa = PBXBuildFile; fileRef = 285D3E6C28B5294B008072C0 /* AnswerFinalView.swift */; };
		287DA34B28B9070D006E624C /* HistoryView.swift in Sources */ = {isa = PBXBuildFile; fileRef = 287DA34A28B9070D006E624C /* HistoryView.swift */; };
		287DA35328BAB360006E624C /* PersonalizeAlert.swift in Sources */ = {isa = PBXBuildFile; fileRef = 287DA35228BAB360006E624C /* PersonalizeAlert.swift */; };
		287DA35A28BE7EAE006E624C /* PremiseView.swift in Sources */ = {isa = PBXBuildFile; fileRef = 287DA35928BE7EAE006E624C /* PremiseView.swift */; };
		287DA35C28BE83C8006E624C /* ListHistory.swift in Sources */ = {isa = PBXBuildFile; fileRef = 287DA35B28BE83C8006E624C /* ListHistory.swift */; };
		28D161FE28C6F4CB0085D3B2 /* SourceSans3-Bold.ttf in Resources */ = {isa = PBXBuildFile; fileRef = 28D161FD28C6F4CB0085D3B2 /* SourceSans3-Bold.ttf */; };
		28D1620128C7CA740085D3B2 /* OnBoardingView.swift in Sources */ = {isa = PBXBuildFile; fileRef = 28D1620028C7CA740085D3B2 /* OnBoardingView.swift */; };
		28D1620328C7D5360085D3B2 /* SourceSans3-Regular.ttf in Resources */ = {isa = PBXBuildFile; fileRef = 28D1620228C7D5360085D3B2 /* SourceSans3-Regular.ttf */; };
		3F8BBE2428AFC409008E9F32 /* GameScene.swift in Sources */ = {isa = PBXBuildFile; fileRef = 3F8BBE2328AFC409008E9F32 /* GameScene.swift */; };
		3F8BBE2628B00673008E9F32 /* DraggableNode.swift in Sources */ = {isa = PBXBuildFile; fileRef = 3F8BBE2528B00673008E9F32 /* DraggableNode.swift */; };
/* End PBXBuildFile section */

/* Begin PBXContainerItemProxy section */
		2841080928AB07B700D142F8 /* PBXContainerItemProxy */ = {
			isa = PBXContainerItemProxy;
			containerPortal = 284107F028AB07B400D142F8 /* Project object */;
			proxyType = 1;
			remoteGlobalIDString = 284107F728AB07B400D142F8;
			remoteInfo = Cooper;
		};
		2841081328AB07B700D142F8 /* PBXContainerItemProxy */ = {
			isa = PBXContainerItemProxy;
			containerPortal = 284107F028AB07B400D142F8 /* Project object */;
			proxyType = 1;
			remoteGlobalIDString = 284107F728AB07B400D142F8;
			remoteInfo = Cooper;
		};
/* End PBXContainerItemProxy section */

/* Begin PBXFileReference section */
		284107F828AB07B400D142F8 /* Cooper.app */ = {isa = PBXFileReference; explicitFileType = wrapper.application; includeInIndex = 0; path = Cooper.app; sourceTree = BUILT_PRODUCTS_DIR; };
		284107FB28AB07B400D142F8 /* CooperApp.swift */ = {isa = PBXFileReference; lastKnownFileType = sourcecode.swift; path = CooperApp.swift; sourceTree = "<group>"; };
		284107FD28AB07B400D142F8 /* ContentView.swift */ = {isa = PBXFileReference; lastKnownFileType = sourcecode.swift; path = ContentView.swift; sourceTree = "<group>"; };
		284107FF28AB07B600D142F8 /* Assets.xcassets */ = {isa = PBXFileReference; lastKnownFileType = folder.assetcatalog; path = Assets.xcassets; sourceTree = "<group>"; };
		2841080828AB07B700D142F8 /* CooperTests.xctest */ = {isa = PBXFileReference; explicitFileType = wrapper.cfbundle; includeInIndex = 0; path = CooperTests.xctest; sourceTree = BUILT_PRODUCTS_DIR; };
		2841081228AB07B700D142F8 /* CooperUITests.xctest */ = {isa = PBXFileReference; explicitFileType = wrapper.cfbundle; includeInIndex = 0; path = CooperUITests.xctest; sourceTree = BUILT_PRODUCTS_DIR; };
		2841082528AB48E000D142F8 /* DrawnView.swift */ = {isa = PBXFileReference; lastKnownFileType = sourcecode.swift; path = DrawnView.swift; sourceTree = "<group>"; };
		285D3E6C28B5294B008072C0 /* AnswerFinalView.swift */ = {isa = PBXFileReference; lastKnownFileType = sourcecode.swift; path = AnswerFinalView.swift; sourceTree = "<group>"; };
		287DA34A28B9070D006E624C /* HistoryView.swift */ = {isa = PBXFileReference; lastKnownFileType = sourcecode.swift; path = HistoryView.swift; sourceTree = "<group>"; };
		287DA35228BAB360006E624C /* PersonalizeAlert.swift */ = {isa = PBXFileReference; lastKnownFileType = sourcecode.swift; path = PersonalizeAlert.swift; sourceTree = "<group>"; };
		287DA35928BE7EAE006E624C /* PremiseView.swift */ = {isa = PBXFileReference; lastKnownFileType = sourcecode.swift; path = PremiseView.swift; sourceTree = "<group>"; };
		287DA35B28BE83C8006E624C /* ListHistory.swift */ = {isa = PBXFileReference; lastKnownFileType = sourcecode.swift; path = ListHistory.swift; sourceTree = "<group>"; };
		28D161FD28C6F4CB0085D3B2 /* SourceSans3-Bold.ttf */ = {isa = PBXFileReference; lastKnownFileType = file; path = "SourceSans3-Bold.ttf"; sourceTree = "<group>"; };
		28D161FF28C6F4DB0085D3B2 /* Info.plist */ = {isa = PBXFileReference; lastKnownFileType = text.plist; path = Info.plist; sourceTree = "<group>"; };
		28D1620028C7CA740085D3B2 /* OnBoardingView.swift */ = {isa = PBXFileReference; lastKnownFileType = sourcecode.swift; path = OnBoardingView.swift; sourceTree = "<group>"; };
		28D1620228C7D5360085D3B2 /* SourceSans3-Regular.ttf */ = {isa = PBXFileReference; lastKnownFileType = file; path = "SourceSans3-Regular.ttf"; sourceTree = "<group>"; };
		3F8BBE2328AFC409008E9F32 /* GameScene.swift */ = {isa = PBXFileReference; lastKnownFileType = sourcecode.swift; path = GameScene.swift; sourceTree = "<group>"; };
		3F8BBE2528B00673008E9F32 /* DraggableNode.swift */ = {isa = PBXFileReference; lastKnownFileType = sourcecode.swift; path = DraggableNode.swift; sourceTree = "<group>"; };
/* End PBXFileReference section */

/* Begin PBXFrameworksBuildPhase section */
		284107F528AB07B400D142F8 /* Frameworks */ = {
			isa = PBXFrameworksBuildPhase;
			buildActionMask = 2147483647;
			files = (
			);
			runOnlyForDeploymentPostprocessing = 0;
		};
		2841080528AB07B700D142F8 /* Frameworks */ = {
			isa = PBXFrameworksBuildPhase;
			buildActionMask = 2147483647;
			files = (
			);
			runOnlyForDeploymentPostprocessing = 0;
		};
		2841080F28AB07B700D142F8 /* Frameworks */ = {
			isa = PBXFrameworksBuildPhase;
			buildActionMask = 2147483647;
			files = (
			);
			runOnlyForDeploymentPostprocessing = 0;
		};
/* End PBXFrameworksBuildPhase section */

/* Begin PBXGroup section */
		284107EF28AB07B400D142F8 = {
			isa = PBXGroup;
			children = (
				284107FA28AB07B400D142F8 /* Cooper */,
				284107F928AB07B400D142F8 /* Products */,
			);
			sourceTree = "<group>";
		};
		284107F928AB07B400D142F8 /* Products */ = {
			isa = PBXGroup;
			children = (
				284107F828AB07B400D142F8 /* Cooper.app */,
				2841080828AB07B700D142F8 /* CooperTests.xctest */,
				2841081228AB07B700D142F8 /* CooperUITests.xctest */,
			);
			name = Products;
			sourceTree = "<group>";
		};
		284107FA28AB07B400D142F8 /* Cooper */ = {
			isa = PBXGroup;
			children = (
				28D161FF28C6F4DB0085D3B2 /* Info.plist */,
				28D161FC28C6F4960085D3B2 /* Fonts */,
				285D3E6828B01E9A008072C0 /* Model */,
				285D3E6A28B01EB3008072C0 /* View */,
				285D3E6B28B01EC2008072C0 /* Controller */,
			);
			path = Cooper;
			sourceTree = "<group>";
		};
		285D3E6828B01E9A008072C0 /* Model */ = {
			isa = PBXGroup;
			children = (
				3F8BBE2328AFC409008E9F32 /* GameScene.swift */,
				3F8BBE2528B00673008E9F32 /* DraggableNode.swift */,
				287DA35228BAB360006E624C /* PersonalizeAlert.swift */,
				287DA35B28BE83C8006E624C /* ListHistory.swift */,
			);
			path = Model;
			sourceTree = "<group>";
		};
		285D3E6A28B01EB3008072C0 /* View */ = {
			isa = PBXGroup;
			children = (
				28D1620028C7CA740085D3B2 /* OnBoardingView.swift */,
				287DA34A28B9070D006E624C /* HistoryView.swift */,
				287DA35928BE7EAE006E624C /* PremiseView.swift */,
				2841082528AB48E000D142F8 /* DrawnView.swift */,
				285D3E6C28B5294B008072C0 /* AnswerFinalView.swift */,
				284107FF28AB07B600D142F8 /* Assets.xcassets */,
			);
			path = View;
			sourceTree = "<group>";
		};
		285D3E6B28B01EC2008072C0 /* Controller */ = {
			isa = PBXGroup;
			children = (
				284107FB28AB07B400D142F8 /* CooperApp.swift */,
				284107FD28AB07B400D142F8 /* ContentView.swift */,
			);
			path = Controller;
			sourceTree = "<group>";
		};
		28D161FC28C6F4960085D3B2 /* Fonts */ = {
			isa = PBXGroup;
			children = (
				28D161FD28C6F4CB0085D3B2 /* SourceSans3-Bold.ttf */,
				28D1620228C7D5360085D3B2 /* SourceSans3-Regular.ttf */,
			);
			path = Fonts;
			sourceTree = "<group>";
		};
/* End PBXGroup section */

/* Begin PBXNativeTarget section */
		284107F728AB07B400D142F8 /* Cooper */ = {
			isa = PBXNativeTarget;
			buildConfigurationList = 2841081C28AB07B700D142F8 /* Build configuration list for PBXNativeTarget "Cooper" */;
			buildPhases = (
				284107F428AB07B400D142F8 /* Sources */,
				284107F528AB07B400D142F8 /* Frameworks */,
				284107F628AB07B400D142F8 /* Resources */,
			);
			buildRules = (
			);
			dependencies = (
			);
			name = Cooper;
			productName = Cooper;
			productReference = 284107F828AB07B400D142F8 /* Cooper.app */;
			productType = "com.apple.product-type.application";
		};
		2841080728AB07B700D142F8 /* CooperTests */ = {
			isa = PBXNativeTarget;
			buildConfigurationList = 2841081F28AB07B700D142F8 /* Build configuration list for PBXNativeTarget "CooperTests" */;
			buildPhases = (
				2841080428AB07B700D142F8 /* Sources */,
				2841080528AB07B700D142F8 /* Frameworks */,
				2841080628AB07B700D142F8 /* Resources */,
			);
			buildRules = (
			);
			dependencies = (
				2841080A28AB07B700D142F8 /* PBXTargetDependency */,
			);
			name = CooperTests;
			productName = CooperTests;
			productReference = 2841080828AB07B700D142F8 /* CooperTests.xctest */;
			productType = "com.apple.product-type.bundle.unit-test";
		};
		2841081128AB07B700D142F8 /* CooperUITests */ = {
			isa = PBXNativeTarget;
			buildConfigurationList = 2841082228AB07B700D142F8 /* Build configuration list for PBXNativeTarget "CooperUITests" */;
			buildPhases = (
				2841080E28AB07B700D142F8 /* Sources */,
				2841080F28AB07B700D142F8 /* Frameworks */,
				2841081028AB07B700D142F8 /* Resources */,
			);
			buildRules = (
			);
			dependencies = (
				2841081428AB07B700D142F8 /* PBXTargetDependency */,
			);
			name = CooperUITests;
			productName = CooperUITests;
			productReference = 2841081228AB07B700D142F8 /* CooperUITests.xctest */;
			productType = "com.apple.product-type.bundle.ui-testing";
		};
/* End PBXNativeTarget section */

/* Begin PBXProject section */
		284107F028AB07B400D142F8 /* Project object */ = {
			isa = PBXProject;
			attributes = {
				BuildIndependentTargetsInParallel = 1;
				LastSwiftUpdateCheck = 1340;
				LastUpgradeCheck = 1340;
				TargetAttributes = {
					284107F728AB07B400D142F8 = {
						CreatedOnToolsVersion = 13.4;
					};
					2841080728AB07B700D142F8 = {
						CreatedOnToolsVersion = 13.4;
						TestTargetID = 284107F728AB07B400D142F8;
					};
					2841081128AB07B700D142F8 = {
						CreatedOnToolsVersion = 13.4;
						TestTargetID = 284107F728AB07B400D142F8;
					};
				};
			};
			buildConfigurationList = 284107F328AB07B400D142F8 /* Build configuration list for PBXProject "Cooper" */;
			compatibilityVersion = "Xcode 13.0";
			developmentRegion = en;
			hasScannedForEncodings = 0;
			knownRegions = (
				en,
				Base,
			);
			mainGroup = 284107EF28AB07B400D142F8;
			productRefGroup = 284107F928AB07B400D142F8 /* Products */;
			projectDirPath = "";
			projectRoot = "";
			targets = (
				284107F728AB07B400D142F8 /* Cooper */,
				2841080728AB07B700D142F8 /* CooperTests */,
				2841081128AB07B700D142F8 /* CooperUITests */,
			);
		};
/* End PBXProject section */

/* Begin PBXResourcesBuildPhase section */
		284107F628AB07B400D142F8 /* Resources */ = {
			isa = PBXResourcesBuildPhase;
			buildActionMask = 2147483647;
			files = (
				28D1620328C7D5360085D3B2 /* SourceSans3-Regular.ttf in Resources */,
				2841080028AB07B600D142F8 /* Assets.xcassets in Resources */,
				28D161FE28C6F4CB0085D3B2 /* SourceSans3-Bold.ttf in Resources */,
			);
			runOnlyForDeploymentPostprocessing = 0;
		};
		2841080628AB07B700D142F8 /* Resources */ = {
			isa = PBXResourcesBuildPhase;
			buildActionMask = 2147483647;
			files = (
			);
			runOnlyForDeploymentPostprocessing = 0;
		};
		2841081028AB07B700D142F8 /* Resources */ = {
			isa = PBXResourcesBuildPhase;
			buildActionMask = 2147483647;
			files = (
			);
			runOnlyForDeploymentPostprocessing = 0;
		};
/* End PBXResourcesBuildPhase section */

/* Begin PBXSourcesBuildPhase section */
		284107F428AB07B400D142F8 /* Sources */ = {
			isa = PBXSourcesBuildPhase;
			buildActionMask = 2147483647;
			files = (
				287DA34B28B9070D006E624C /* HistoryView.swift in Sources */,
				2841082628AB48E000D142F8 /* DrawnView.swift in Sources */,
				285D3E6D28B5294B008072C0 /* AnswerFinalView.swift in Sources */,
				3F8BBE2628B00673008E9F32 /* DraggableNode.swift in Sources */,
				287DA35C28BE83C8006E624C /* ListHistory.swift in Sources */,
				28D1620128C7CA740085D3B2 /* OnBoardingView.swift in Sources */,
				284107FE28AB07B400D142F8 /* ContentView.swift in Sources */,
				287DA35A28BE7EAE006E624C /* PremiseView.swift in Sources */,
				287DA35328BAB360006E624C /* PersonalizeAlert.swift in Sources */,
				3F8BBE2428AFC409008E9F32 /* GameScene.swift in Sources */,
				284107FC28AB07B400D142F8 /* CooperApp.swift in Sources */,
			);
			runOnlyForDeploymentPostprocessing = 0;
		};
		2841080428AB07B700D142F8 /* Sources */ = {
			isa = PBXSourcesBuildPhase;
			buildActionMask = 2147483647;
			files = (
			);
			runOnlyForDeploymentPostprocessing = 0;
		};
		2841080E28AB07B700D142F8 /* Sources */ = {
			isa = PBXSourcesBuildPhase;
			buildActionMask = 2147483647;
			files = (
			);
			runOnlyForDeploymentPostprocessing = 0;
		};
/* End PBXSourcesBuildPhase section */

/* Begin PBXTargetDependency section */
		2841080A28AB07B700D142F8 /* PBXTargetDependency */ = {
			isa = PBXTargetDependency;
			target = 284107F728AB07B400D142F8 /* Cooper */;
			targetProxy = 2841080928AB07B700D142F8 /* PBXContainerItemProxy */;
		};
		2841081428AB07B700D142F8 /* PBXTargetDependency */ = {
			isa = PBXTargetDependency;
			target = 284107F728AB07B400D142F8 /* Cooper */;
			targetProxy = 2841081328AB07B700D142F8 /* PBXContainerItemProxy */;
		};
/* End PBXTargetDependency section */

/* Begin XCBuildConfiguration section */
		2841081A28AB07B700D142F8 /* Debug */ = {
			isa = XCBuildConfiguration;
			buildSettings = {
				ALWAYS_SEARCH_USER_PATHS = NO;
				CLANG_ANALYZER_NONNULL = YES;
				CLANG_ANALYZER_NUMBER_OBJECT_CONVERSION = YES_AGGRESSIVE;
				CLANG_CXX_LANGUAGE_STANDARD = "gnu++17";
				CLANG_ENABLE_MODULES = YES;
				CLANG_ENABLE_OBJC_ARC = YES;
				CLANG_ENABLE_OBJC_WEAK = YES;
				CLANG_WARN_BLOCK_CAPTURE_AUTORELEASING = YES;
				CLANG_WARN_BOOL_CONVERSION = YES;
				CLANG_WARN_COMMA = YES;
				CLANG_WARN_CONSTANT_CONVERSION = YES;
				CLANG_WARN_DEPRECATED_OBJC_IMPLEMENTATIONS = YES;
				CLANG_WARN_DIRECT_OBJC_ISA_USAGE = YES_ERROR;
				CLANG_WARN_DOCUMENTATION_COMMENTS = YES;
				CLANG_WARN_EMPTY_BODY = YES;
				CLANG_WARN_ENUM_CONVERSION = YES;
				CLANG_WARN_INFINITE_RECURSION = YES;
				CLANG_WARN_INT_CONVERSION = YES;
				CLANG_WARN_NON_LITERAL_NULL_CONVERSION = YES;
				CLANG_WARN_OBJC_IMPLICIT_RETAIN_SELF = YES;
				CLANG_WARN_OBJC_LITERAL_CONVERSION = YES;
				CLANG_WARN_OBJC_ROOT_CLASS = YES_ERROR;
				CLANG_WARN_QUOTED_INCLUDE_IN_FRAMEWORK_HEADER = YES;
				CLANG_WARN_RANGE_LOOP_ANALYSIS = YES;
				CLANG_WARN_STRICT_PROTOTYPES = YES;
				CLANG_WARN_SUSPICIOUS_MOVE = YES;
				CLANG_WARN_UNGUARDED_AVAILABILITY = YES_AGGRESSIVE;
				CLANG_WARN_UNREACHABLE_CODE = YES;
				CLANG_WARN__DUPLICATE_METHOD_MATCH = YES;
				COPY_PHASE_STRIP = NO;
				DEBUG_INFORMATION_FORMAT = dwarf;
				ENABLE_STRICT_OBJC_MSGSEND = YES;
				ENABLE_TESTABILITY = YES;
				GCC_C_LANGUAGE_STANDARD = gnu11;
				GCC_DYNAMIC_NO_PIC = NO;
				GCC_NO_COMMON_BLOCKS = YES;
				GCC_OPTIMIZATION_LEVEL = 0;
				GCC_PREPROCESSOR_DEFINITIONS = (
					"DEBUG=1",
					"$(inherited)",
				);
				GCC_WARN_64_TO_32_BIT_CONVERSION = YES;
				GCC_WARN_ABOUT_RETURN_TYPE = YES_ERROR;
				GCC_WARN_UNDECLARED_SELECTOR = YES;
				GCC_WARN_UNINITIALIZED_AUTOS = YES_AGGRESSIVE;
				GCC_WARN_UNUSED_FUNCTION = YES;
				GCC_WARN_UNUSED_VARIABLE = YES;
				IPHONEOS_DEPLOYMENT_TARGET = 15.5;
				MTL_ENABLE_DEBUG_INFO = INCLUDE_SOURCE;
				MTL_FAST_MATH = YES;
				ONLY_ACTIVE_ARCH = YES;
				SDKROOT = iphoneos;
				SWIFT_ACTIVE_COMPILATION_CONDITIONS = DEBUG;
				SWIFT_OPTIMIZATION_LEVEL = "-Onone";
			};
			name = Debug;
		};
		2841081B28AB07B700D142F8 /* Release */ = {
			isa = XCBuildConfiguration;
			buildSettings = {
				ALWAYS_SEARCH_USER_PATHS = NO;
				CLANG_ANALYZER_NONNULL = YES;
				CLANG_ANALYZER_NUMBER_OBJECT_CONVERSION = YES_AGGRESSIVE;
				CLANG_CXX_LANGUAGE_STANDARD = "gnu++17";
				CLANG_ENABLE_MODULES = YES;
				CLANG_ENABLE_OBJC_ARC = YES;
				CLANG_ENABLE_OBJC_WEAK = YES;
				CLANG_WARN_BLOCK_CAPTURE_AUTORELEASING = YES;
				CLANG_WARN_BOOL_CONVERSION = YES;
				CLANG_WARN_COMMA = YES;
				CLANG_WARN_CONSTANT_CONVERSION = YES;
				CLANG_WARN_DEPRECATED_OBJC_IMPLEMENTATIONS = YES;
				CLANG_WARN_DIRECT_OBJC_ISA_USAGE = YES_ERROR;
				CLANG_WARN_DOCUMENTATION_COMMENTS = YES;
				CLANG_WARN_EMPTY_BODY = YES;
				CLANG_WARN_ENUM_CONVERSION = YES;
				CLANG_WARN_INFINITE_RECURSION = YES;
				CLANG_WARN_INT_CONVERSION = YES;
				CLANG_WARN_NON_LITERAL_NULL_CONVERSION = YES;
				CLANG_WARN_OBJC_IMPLICIT_RETAIN_SELF = YES;
				CLANG_WARN_OBJC_LITERAL_CONVERSION = YES;
				CLANG_WARN_OBJC_ROOT_CLASS = YES_ERROR;
				CLANG_WARN_QUOTED_INCLUDE_IN_FRAMEWORK_HEADER = YES;
				CLANG_WARN_RANGE_LOOP_ANALYSIS = YES;
				CLANG_WARN_STRICT_PROTOTYPES = YES;
				CLANG_WARN_SUSPICIOUS_MOVE = YES;
				CLANG_WARN_UNGUARDED_AVAILABILITY = YES_AGGRESSIVE;
				CLANG_WARN_UNREACHABLE_CODE = YES;
				CLANG_WARN__DUPLICATE_METHOD_MATCH = YES;
				COPY_PHASE_STRIP = NO;
				DEBUG_INFORMATION_FORMAT = "dwarf-with-dsym";
				ENABLE_NS_ASSERTIONS = NO;
				ENABLE_STRICT_OBJC_MSGSEND = YES;
				GCC_C_LANGUAGE_STANDARD = gnu11;
				GCC_NO_COMMON_BLOCKS = YES;
				GCC_WARN_64_TO_32_BIT_CONVERSION = YES;
				GCC_WARN_ABOUT_RETURN_TYPE = YES_ERROR;
				GCC_WARN_UNDECLARED_SELECTOR = YES;
				GCC_WARN_UNINITIALIZED_AUTOS = YES_AGGRESSIVE;
				GCC_WARN_UNUSED_FUNCTION = YES;
				GCC_WARN_UNUSED_VARIABLE = YES;
				IPHONEOS_DEPLOYMENT_TARGET = 15.5;
				MTL_ENABLE_DEBUG_INFO = NO;
				MTL_FAST_MATH = YES;
				SDKROOT = iphoneos;
				SWIFT_COMPILATION_MODE = wholemodule;
				SWIFT_OPTIMIZATION_LEVEL = "-O";
				VALIDATE_PRODUCT = YES;
			};
			name = Release;
		};
		2841081D28AB07B700D142F8 /* Debug */ = {
			isa = XCBuildConfiguration;
			buildSettings = {
				ASSETCATALOG_COMPILER_APPICON_NAME = AppIcon;
				ASSETCATALOG_COMPILER_GLOBAL_ACCENT_COLOR_NAME = AccentColor;
				CODE_SIGN_STYLE = Automatic;
				CURRENT_PROJECT_VERSION = 1;
				DEVELOPMENT_ASSET_PATHS = "";
				DEVELOPMENT_TEAM = 8MKU4N27YM;
				ENABLE_PREVIEWS = YES;
				GENERATE_INFOPLIST_FILE = YES;
				INFOPLIST_FILE = Cooper/Info.plist;
				INFOPLIST_KEY_UIApplicationSceneManifest_Generation = YES;
				INFOPLIST_KEY_UIApplicationSupportsIndirectInputEvents = YES;
				INFOPLIST_KEY_UILaunchScreen_Generation = YES;
				INFOPLIST_KEY_UISupportedInterfaceOrientations_iPad = "UIInterfaceOrientationLandscapeLeft UIInterfaceOrientationLandscapeRight";
				INFOPLIST_KEY_UISupportedInterfaceOrientations_iPhone = "UIInterfaceOrientationPortrait UIInterfaceOrientationLandscapeLeft UIInterfaceOrientationLandscapeRight";
				IPHONEOS_DEPLOYMENT_TARGET = 15.4;
				LD_RUNPATH_SEARCH_PATHS = (
					"$(inherited)",
					"@executable_path/Frameworks",
				);
				MARKETING_VERSION = 1.0;
				PRODUCT_BUNDLE_IDENTIFIER = teste.Cooper;
				PRODUCT_NAME = "$(TARGET_NAME)";
				STRIP_INSTALLED_PRODUCT = YES;
				SWIFT_EMIT_LOC_STRINGS = YES;
				SWIFT_VERSION = 5.0;
				TARGETED_DEVICE_FAMILY = "1,2";
			};
			name = Debug;
		};
		2841081E28AB07B700D142F8 /* Release */ = {
			isa = XCBuildConfiguration;
			buildSettings = {
				ASSETCATALOG_COMPILER_APPICON_NAME = AppIcon;
				ASSETCATALOG_COMPILER_GLOBAL_ACCENT_COLOR_NAME = AccentColor;
				CODE_SIGN_STYLE = Automatic;
				CURRENT_PROJECT_VERSION = 1;
				DEVELOPMENT_ASSET_PATHS = "";
				DEVELOPMENT_TEAM = 8MKU4N27YM;
				ENABLE_PREVIEWS = YES;
				GENERATE_INFOPLIST_FILE = YES;
				INFOPLIST_FILE = Cooper/Info.plist;
				INFOPLIST_KEY_UIApplicationSceneManifest_Generation = YES;
				INFOPLIST_KEY_UIApplicationSupportsIndirectInputEvents = YES;
				INFOPLIST_KEY_UILaunchScreen_Generation = YES;
				INFOPLIST_KEY_UISupportedInterfaceOrientations_iPad = "UIInterfaceOrientationLandscapeLeft UIInterfaceOrientationLandscapeRight";
				INFOPLIST_KEY_UISupportedInterfaceOrientations_iPhone = "UIInterfaceOrientationPortrait UIInterfaceOrientationLandscapeLeft UIInterfaceOrientationLandscapeRight";
				IPHONEOS_DEPLOYMENT_TARGET = 15.4;
				LD_RUNPATH_SEARCH_PATHS = (
					"$(inherited)",
					"@executable_path/Frameworks",
				);
				MARKETING_VERSION = 1.0;
				PRODUCT_BUNDLE_IDENTIFIER = teste.Cooper;
				PRODUCT_NAME = "$(TARGET_NAME)";
				STRIP_INSTALLED_PRODUCT = YES;
				SWIFT_EMIT_LOC_STRINGS = YES;
				SWIFT_VERSION = 5.0;
				TARGETED_DEVICE_FAMILY = "1,2";
			};
			name = Release;
		};
		2841082028AB07B700D142F8 /* Debug */ = {
			isa = XCBuildConfiguration;
			buildSettings = {
				ALWAYS_EMBED_SWIFT_STANDARD_LIBRARIES = YES;
				BUNDLE_LOADER = "$(TEST_HOST)";
				CODE_SIGN_STYLE = Automatic;
				CURRENT_PROJECT_VERSION = 1;
				DEVELOPMENT_TEAM = XJ57BXJG95;
				GENERATE_INFOPLIST_FILE = YES;
				IPHONEOS_DEPLOYMENT_TARGET = 15.5;
				MARKETING_VERSION = 1.0;
				PRODUCT_BUNDLE_IDENTIFIER = teste.CooperTests;
				PRODUCT_NAME = "$(TARGET_NAME)";
				SWIFT_EMIT_LOC_STRINGS = NO;
				SWIFT_VERSION = 5.0;
				TARGETED_DEVICE_FAMILY = "1,2";
				TEST_HOST = "$(BUILT_PRODUCTS_DIR)/Cooper.app/Cooper";
			};
			name = Debug;
		};
		2841082128AB07B700D142F8 /* Release */ = {
			isa = XCBuildConfiguration;
			buildSettings = {
				ALWAYS_EMBED_SWIFT_STANDARD_LIBRARIES = YES;
				BUNDLE_LOADER = "$(TEST_HOST)";
				CODE_SIGN_STYLE = Automatic;
				CURRENT_PROJECT_VERSION = 1;
				DEVELOPMENT_TEAM = XJ57BXJG95;
				GENERATE_INFOPLIST_FILE = YES;
				IPHONEOS_DEPLOYMENT_TARGET = 15.5;
				MARKETING_VERSION = 1.0;
				PRODUCT_BUNDLE_IDENTIFIER = teste.CooperTests;
				PRODUCT_NAME = "$(TARGET_NAME)";
				SWIFT_EMIT_LOC_STRINGS = NO;
				SWIFT_VERSION = 5.0;
				TARGETED_DEVICE_FAMILY = "1,2";
				TEST_HOST = "$(BUILT_PRODUCTS_DIR)/Cooper.app/Cooper";
			};
			name = Release;
		};
		2841082328AB07B700D142F8 /* Debug */ = {
			isa = XCBuildConfiguration;
			buildSettings = {
				ALWAYS_EMBED_SWIFT_STANDARD_LIBRARIES = YES;
				CODE_SIGN_STYLE = Automatic;
				CURRENT_PROJECT_VERSION = 1;
				DEVELOPMENT_TEAM = XJ57BXJG95;
				GENERATE_INFOPLIST_FILE = YES;
				MARKETING_VERSION = 1.0;
				PRODUCT_BUNDLE_IDENTIFIER = teste.CooperUITests;
				PRODUCT_NAME = "$(TARGET_NAME)";
				SWIFT_EMIT_LOC_STRINGS = NO;
				SWIFT_VERSION = 5.0;
				TARGETED_DEVICE_FAMILY = "1,2";
				TEST_TARGET_NAME = Cooper;
			};
			name = Debug;
		};
		2841082428AB07B700D142F8 /* Release */ = {
			isa = XCBuildConfiguration;
			buildSettings = {
				ALWAYS_EMBED_SWIFT_STANDARD_LIBRARIES = YES;
				CODE_SIGN_STYLE = Automatic;
				CURRENT_PROJECT_VERSION = 1;
				DEVELOPMENT_TEAM = XJ57BXJG95;
				GENERATE_INFOPLIST_FILE = YES;
				MARKETING_VERSION = 1.0;
				PRODUCT_BUNDLE_IDENTIFIER = teste.CooperUITests;
				PRODUCT_NAME = "$(TARGET_NAME)";
				SWIFT_EMIT_LOC_STRINGS = NO;
				SWIFT_VERSION = 5.0;
				TARGETED_DEVICE_FAMILY = "1,2";
				TEST_TARGET_NAME = Cooper;
			};
			name = Release;
		};
/* End XCBuildConfiguration section */

/* Begin XCConfigurationList section */
		284107F328AB07B400D142F8 /* Build configuration list for PBXProject "Cooper" */ = {
			isa = XCConfigurationList;
			buildConfigurations = (
				2841081A28AB07B700D142F8 /* Debug */,
				2841081B28AB07B700D142F8 /* Release */,
			);
			defaultConfigurationIsVisible = 0;
			defaultConfigurationName = Release;
		};
		2841081C28AB07B700D142F8 /* Build configuration list for PBXNativeTarget "Cooper" */ = {
			isa = XCConfigurationList;
			buildConfigurations = (
				2841081D28AB07B700D142F8 /* Debug */,
				2841081E28AB07B700D142F8 /* Release */,
			);
			defaultConfigurationIsVisible = 0;
			defaultConfigurationName = Release;
		};
		2841081F28AB07B700D142F8 /* Build configuration list for PBXNativeTarget "CooperTests" */ = {
			isa = XCConfigurationList;
			buildConfigurations = (
				2841082028AB07B700D142F8 /* Debug */,
				2841082128AB07B700D142F8 /* Release */,
			);
			defaultConfigurationIsVisible = 0;
			defaultConfigurationName = Release;
		};
		2841082228AB07B700D142F8 /* Build configuration list for PBXNativeTarget "CooperUITests" */ = {
			isa = XCConfigurationList;
			buildConfigurations = (
				2841082328AB07B700D142F8 /* Debug */,
				2841082428AB07B700D142F8 /* Release */,
			);
			defaultConfigurationIsVisible = 0;
			defaultConfigurationName = Release;
		};
/* End XCConfigurationList section */
	};
	rootObject = 284107F028AB07B400D142F8 /* Project object */;
}
